
Microsoft Visual Studio Solution File, Format Version 12.00
# Visual Studio Version 16
VisualStudioVersion = 16.0.29728.190
MinimumVisualStudioVersion = 10.0.40219.1
Project("{FAE04EC0-301F-11D3-BF4B-00C04F79EFBC}") = "SKCivilianIndustry", "SKCivilianIndustry.csproj", "{850D0B2B-8379-4357-A996-9A9F6A22E696}"
EndProject
Project("{2150E333-8FDC-42A3-9474-1A3956D46DE8}") = "Solution Items", "Solution Items", "{25270507-77E0-4EB5-A836-C18ADCD85E6F}"
EndProject
Global
	GlobalSection(SolutionConfigurationPlatforms) = preSolution
		Debug|Any CPU = Debug|Any CPU
		Release|Any CPU = Release|Any CPU
	EndGlobalSection
	GlobalSection(ProjectConfigurationPlatforms) = postSolution
		{850D0B2B-8379-4357-A996-9A9F6A22E696}.Debug|Any CPU.ActiveCfg = Debug|Any CPU
		{850D0B2B-8379-4357-A996-9A9F6A22E696}.Debug|Any CPU.Build.0 = Debug|Any CPU
		{850D0B2B-8379-4357-A996-9A9F6A22E696}.Release|Any CPU.ActiveCfg = Release|Any CPU
		{850D0B2B-8379-4357-A996-9A9F6A22E696}.Release|Any CPU.Build.0 = Release|Any CPU
	EndGlobalSection
	GlobalSection(SolutionProperties) = preSolution
		HideSolutionNode = FALSE
	EndGlobalSection
	GlobalSection(ExtensibilityGlobals) = postSolution
		SolutionGuid = {EC1A7F39-9116-425E-B70D-605719E5CCD3}
	EndGlobalSection
EndGlobal
